
Microsoft Visual Studio Solution File, Format Version 12.00
# Visual Studio Version 17
VisualStudioVersion = 17.5.33424.131
MinimumVisualStudioVersion = 10.0.40219.1
Project("{888888A0-9F3D-457C-B088-3A5042F75D52}") = "hometask", "hometask.pyproj", "{DCE9DB6D-F5FF-45B6-9D5B-064EDB625B4F}"
EndProject
Global
	GlobalSection(SolutionConfigurationPlatforms) = preSolution
		Debug|Any CPU = Debug|Any CPU
		Release|Any CPU = Release|Any CPU
	EndGlobalSection
	GlobalSection(ProjectConfigurationPlatforms) = postSolution
		{DCE9DB6D-F5FF-45B6-9D5B-064EDB625B4F}.Debug|Any CPU.ActiveCfg = Debug|Any CPU
		{DCE9DB6D-F5FF-45B6-9D5B-064EDB625B4F}.Release|Any CPU.ActiveCfg = Release|Any CPU
	EndGlobalSection
	GlobalSection(SolutionProperties) = preSolution
		HideSolutionNode = FALSE
	EndGlobalSection
	GlobalSection(ExtensibilityGlobals) = postSolution
		SolutionGuid = {17E14A7E-1BDB-4D42-AC71-D8D0202587ED}
	EndGlobalSection
EndGlobal
